
Microsoft Visual Studio Solution File, Format Version 12.00
# Visual Studio Version 16
VisualStudioVersion = 16.6.30114.105
MinimumVisualStudioVersion = 10.0.40219.1
Project("{FAE04EC0-301F-11D3-BF4B-00C04F79EFBC}") = "InterfaceTest.WebApi", "InterfaceTest.WebApi\InterfaceTest.WebApi.csproj", "{44143A06-3C44-4E63-A189-060B8045FD66}"
EndProject
Project("{FAE04EC0-301F-11D3-BF4B-00C04F79EFBC}") = "InterfaceTest.Tests", "InterfaceTest.Tests\InterfaceTest.Tests.csproj", "{90CB1631-501A-49DF-8C11-CE6E0B57F460}"
EndProject
Global
	GlobalSection(SolutionConfigurationPlatforms) = preSolution
		Debug|Any CPU = Debug|Any CPU
		Debug|x64 = Debug|x64
		Debug|x86 = Debug|x86
		Release|Any CPU = Release|Any CPU
		Release|x64 = Release|x64
		Release|x86 = Release|x86
	EndGlobalSection
	GlobalSection(SolutionProperties) = preSolution
		HideSolutionNode = FALSE
	EndGlobalSection
	GlobalSection(ProjectConfigurationPlatforms) = postSolution
		{44143A06-3C44-4E63-A189-060B8045FD66}.Debug|Any CPU.ActiveCfg = Debug|Any CPU
		{44143A06-3C44-4E63-A189-060B8045FD66}.Debug|Any CPU.Build.0 = Debug|Any CPU
		{44143A06-3C44-4E63-A189-060B8045FD66}.Debug|x64.ActiveCfg = Debug|Any CPU
		{44143A06-3C44-4E63-A189-060B8045FD66}.Debug|x64.Build.0 = Debug|Any CPU
		{44143A06-3C44-4E63-A189-060B8045FD66}.Debug|x86.ActiveCfg = Debug|Any CPU
		{44143A06-3C44-4E63-A189-060B8045FD66}.Debug|x86.Build.0 = Debug|Any CPU
		{44143A06-3C44-4E63-A189-060B8045FD66}.Release|Any CPU.ActiveCfg = Release|Any CPU
		{44143A06-3C44-4E63-A189-060B8045FD66}.Release|Any CPU.Build.0 = Release|Any CPU
		{44143A06-3C44-4E63-A189-060B8045FD66}.Release|x64.ActiveCfg = Release|Any CPU
		{44143A06-3C44-4E63-A189-060B8045FD66}.Release|x64.Build.0 = Release|Any CPU
		{44143A06-3C44-4E63-A189-060B8045FD66}.Release|x86.ActiveCfg = Release|Any CPU
		{44143A06-3C44-4E63-A189-060B8045FD66}.Release|x86.Build.0 = Release|Any CPU
		{90CB1631-501A-49DF-8C11-CE6E0B57F460}.Debug|Any CPU.ActiveCfg = Debug|Any CPU
		{90CB1631-501A-49DF-8C11-CE6E0B57F460}.Debug|Any CPU.Build.0 = Debug|Any CPU
		{90CB1631-501A-49DF-8C11-CE6E0B57F460}.Debug|x64.ActiveCfg = Debug|Any CPU
		{90CB1631-501A-49DF-8C11-CE6E0B57F460}.Debug|x64.Build.0 = Debug|Any CPU
		{90CB1631-501A-49DF-8C11-CE6E0B57F460}.Debug|x86.ActiveCfg = Debug|Any CPU
		{90CB1631-501A-49DF-8C11-CE6E0B57F460}.Debug|x86.Build.0 = Debug|Any CPU
		{90CB1631-501A-49DF-8C11-CE6E0B57F460}.Release|Any CPU.ActiveCfg = Release|Any CPU
		{90CB1631-501A-49DF-8C11-CE6E0B57F460}.Release|Any CPU.Build.0 = Release|Any CPU
		{90CB1631-501A-49DF-8C11-CE6E0B57F460}.Release|x64.ActiveCfg = Release|Any CPU
		{90CB1631-501A-49DF-8C11-CE6E0B57F460}.Release|x64.Build.0 = Release|Any CPU
		{90CB1631-501A-49DF-8C11-CE6E0B57F460}.Release|x86.ActiveCfg = Release|Any CPU
		{90CB1631-501A-49DF-8C11-CE6E0B57F460}.Release|x86.Build.0 = Release|Any CPU
	EndGlobalSection
EndGlobal
